// !$*UTF8*$!
{
	archiveVersion = 1;
	classes = {
	};
	objectVersion = 50;
	objects = {

/* Begin PBXBuildFile section */
		A77A5707215C020A0001CF96 /* AppDelegate.swift in Sources */ = {isa = PBXBuildFile; fileRef = A77A5706215C020A0001CF96 /* AppDelegate.swift */; };
		A77A5709215C020A0001CF96 /* ViewController.swift in Sources */ = {isa = PBXBuildFile; fileRef = A77A5708215C020A0001CF96 /* ViewController.swift */; };
		A77A570C215C020A0001CF96 /* Main.storyboard in Resources */ = {isa = PBXBuildFile; fileRef = A77A570A215C020A0001CF96 /* Main.storyboard */; };
		A77A570E215C020B0001CF96 /* Assets.xcassets in Resources */ = {isa = PBXBuildFile; fileRef = A77A570D215C020B0001CF96 /* Assets.xcassets */; };
		A77A5711215C020B0001CF96 /* LaunchScreen.storyboard in Resources */ = {isa = PBXBuildFile; fileRef = A77A570F215C020B0001CF96 /* LaunchScreen.storyboard */; };
		A77A571A215C085E0001CF96 /* HistoryCell.swift in Sources */ = {isa = PBXBuildFile; fileRef = A77A5718215C085E0001CF96 /* HistoryCell.swift */; };
		A77A571B215C085E0001CF96 /* HistoryCell.xib in Resources */ = {isa = PBXBuildFile; fileRef = A77A5719215C085E0001CF96 /* HistoryCell.xib */; };
		A77A571E215C08790001CF96 /* SearchResultCell.swift in Sources */ = {isa = PBXBuildFile; fileRef = A77A571C215C08790001CF96 /* SearchResultCell.swift */; };
		A77A571F215C08790001CF96 /* SearchResultCell.xib in Resources */ = {isa = PBXBuildFile; fileRef = A77A571D215C08790001CF96 /* SearchResultCell.xib */; };
/* End PBXBuildFile section */

/* Begin PBXFileReference section */
		A77A5703215C020A0001CF96 /* SearchApp.app */ = {isa = PBXFileReference; explicitFileType = wrapper.application; includeInIndex = 0; path = SearchApp.app; sourceTree = BUILT_PRODUCTS_DIR; };
		A77A5706215C020A0001CF96 /* AppDelegate.swift */ = {isa = PBXFileReference; lastKnownFileType = sourcecode.swift; path = AppDelegate.swift; sourceTree = "<group>"; };
		A77A5708215C020A0001CF96 /* ViewController.swift */ = {isa = PBXFileReference; lastKnownFileType = sourcecode.swift; path = ViewController.swift; sourceTree = "<group>"; };
		A77A570B215C020A0001CF96 /* Base */ = {isa = PBXFileReference; lastKnownFileType = file.storyboard; name = Base; path = Base.lproj/Main.storyboard; sourceTree = "<group>"; };
		A77A570D215C020B0001CF96 /* Assets.xcassets */ = {isa = PBXFileReference; lastKnownFileType = folder.assetcatalog; path = Assets.xcassets; sourceTree = "<group>"; };
		A77A5710215C020B0001CF96 /* Base */ = {isa = PBXFileReference; lastKnownFileType = file.storyboard; name = Base; path = Base.lproj/LaunchScreen.storyboard; sourceTree = "<group>"; };
		A77A5712215C020B0001CF96 /* Info.plist */ = {isa = PBXFileReference; lastKnownFileType = text.plist.xml; path = Info.plist; sourceTree = "<group>"; };
		A77A5718215C085E0001CF96 /* HistoryCell.swift */ = {isa = PBXFileReference; lastKnownFileType = sourcecode.swift; path = HistoryCell.swift; sourceTree = "<group>"; };
		A77A5719215C085E0001CF96 /* HistoryCell.xib */ = {isa = PBXFileReference; lastKnownFileType = file.xib; path = HistoryCell.xib; sourceTree = "<group>"; };
		A77A571C215C08790001CF96 /* SearchResultCell.swift */ = {isa = PBXFileReference; lastKnownFileType = sourcecode.swift; path = SearchResultCell.swift; sourceTree = "<group>"; };
		A77A571D215C08790001CF96 /* SearchResultCell.xib */ = {isa = PBXFileReference; lastKnownFileType = file.xib; path = SearchResultCell.xib; sourceTree = "<group>"; };
/* End PBXFileReference section */

/* Begin PBXFrameworksBuildPhase section */
		A77A5700215C020A0001CF96 /* Frameworks */ = {
			isa = PBXFrameworksBuildPhase;
			buildActionMask = 2147483647;
			files = (
			);
			runOnlyForDeploymentPostprocessing = 0;
		};
/* End PBXFrameworksBuildPhase section */

/* Begin PBXGroup section */
		A77A56FA215C020A0001CF96 = {
			isa = PBXGroup;
			children = (
				A77A5705215C020A0001CF96 /* SearchApp */,
				A77A5704215C020A0001CF96 /* Products */,
			);
			sourceTree = "<group>";
		};
		A77A5704215C020A0001CF96 /* Products */ = {
			isa = PBXGroup;
			children = (
				A77A5703215C020A0001CF96 /* SearchApp.app */,
			);
			name = Products;
			sourceTree = "<group>";
		};
		A77A5705215C020A0001CF96 /* SearchApp */ = {
			isa = PBXGroup;
			children = (
				A77A5706215C020A0001CF96 /* AppDelegate.swift */,
				A77A5708215C020A0001CF96 /* ViewController.swift */,
				A77A570A215C020A0001CF96 /* Main.storyboard */,
				A77A570D215C020B0001CF96 /* Assets.xcassets */,
				A77A570F215C020B0001CF96 /* LaunchScreen.storyboard */,
				A77A5712215C020B0001CF96 /* Info.plist */,
				A77A5718215C085E0001CF96 /* HistoryCell.swift */,
				A77A5719215C085E0001CF96 /* HistoryCell.xib */,
				A77A571C215C08790001CF96 /* SearchResultCell.swift */,
				A77A571D215C08790001CF96 /* SearchResultCell.xib */,
			);
			path = SearchApp;
			sourceTree = "<group>";
		};
/* End PBXGroup section */

/* Begin PBXNativeTarget section */
		A77A5702215C020A0001CF96 /* SearchApp */ = {
			isa = PBXNativeTarget;
			buildConfigurationList = A77A5715215C020B0001CF96 /* Build configuration list for PBXNativeTarget "SearchApp" */;
			buildPhases = (
				A77A56FF215C020A0001CF96 /* Sources */,
				A77A5700215C020A0001CF96 /* Frameworks */,
				A77A5701215C020A0001CF96 /* Resources */,
			);
			buildRules = (
			);
			dependencies = (
			);
			name = SearchApp;
			productName = SearchApp;
			productReference = A77A5703215C020A0001CF96 /* SearchApp.app */;
			productType = "com.apple.product-type.application";
		};
/* End PBXNativeTarget section */

/* Begin PBXProject section */
		A77A56FB215C020A0001CF96 /* Project object */ = {
			isa = PBXProject;
			attributes = {
				LastSwiftUpdateCheck = 1000;
				LastUpgradeCheck = 1000;
				ORGANIZATIONNAME = A3LCamel;
				TargetAttributes = {
					A77A5702215C020A0001CF96 = {
						CreatedOnToolsVersion = 10.0;
					};
				};
			};
			buildConfigurationList = A77A56FE215C020A0001CF96 /* Build configuration list for PBXProject "SearchApp" */;
			compatibilityVersion = "Xcode 9.3";
			developmentRegion = en;
			hasScannedForEncodings = 0;
			knownRegions = (
				en,
				Base,
			);
			mainGroup = A77A56FA215C020A0001CF96;
			productRefGroup = A77A5704215C020A0001CF96 /* Products */;
			projectDirPath = "";
			projectRoot = "";
			targets = (
				A77A5702215C020A0001CF96 /* SearchApp */,
			);
		};
/* End PBXProject section */

/* Begin PBXResourcesBuildPhase section */
		A77A5701215C020A0001CF96 /* Resources */ = {
			isa = PBXResourcesBuildPhase;
			buildActionMask = 2147483647;
			files = (
				A77A5711215C020B0001CF96 /* LaunchScreen.storyboard in Resources */,
				A77A571F215C08790001CF96 /* SearchResultCell.xib in Resources */,
				A77A570E215C020B0001CF96 /* Assets.xcassets in Resources */,
				A77A571B215C085E0001CF96 /* HistoryCell.xib in Resources */,
				A77A570C215C020A0001CF96 /* Main.storyboard in Resources */,
			);
			runOnlyForDeploymentPostprocessing = 0;
		};
/* End PBXResourcesBuildPhase section */

/* Begin PBXSourcesBuildPhase section */
		A77A56FF215C020A0001CF96 /* Sources */ = {
			isa = PBXSourcesBuildPhase;
			buildActionMask = 2147483647;
			files = (
				A77A571A215C085E0001CF96 /* HistoryCell.swift in Sources */,
				A77A5709215C020A0001CF96 /* ViewController.swift in Sources */,
				A77A571E215C08790001CF96 /* SearchResultCell.swift in Sources */,
				A77A5707215C020A0001CF96 /* AppDelegate.swift in Sources */,
			);
			runOnlyForDeploymentPostprocessing = 0;
		};
/* End PBXSourcesBuildPhase section */

/* Begin PBXVariantGroup section */
		A77A570A215C020A0001CF96 /* Main.storyboard */ = {
			isa = PBXVariantGroup;
			children = (
				A77A570B215C020A0001CF96 /* Base */,
			);
			name = Main.storyboard;
			sourceTree = "<group>";
		};
		A77A570F215C020B0001CF96 /* LaunchScreen.storyboard */ = {
			isa = PBXVariantGroup;
			children = (
				A77A5710215C020B0001CF96 /* Base */,
			);
			name = LaunchScreen.storyboard;
			sourceTree = "<group>";
		};
/* End PBXVariantGroup section */

/* Begin XCBuildConfiguration section */
		A77A5713215C020B0001CF96 /* Debug */ = {
			isa = XCBuildConfiguration;
			buildSettings = {
				ALWAYS_SEARCH_USER_PATHS = NO;
				CLANG_ANALYZER_NONNULL = YES;
				CLANG_ANALYZER_NUMBER_OBJECT_CONVERSION = YES_AGGRESSIVE;
				CLANG_CXX_LANGUAGE_STANDARD = "gnu++14";
				CLANG_CXX_LIBRARY = "libc++";
				CLANG_ENABLE_MODULES = YES;
				CLANG_ENABLE_OBJC_ARC = YES;
				CLANG_ENABLE_OBJC_WEAK = YES;
				CLANG_WARN_BLOCK_CAPTURE_AUTORELEASING = YES;
				CLANG_WARN_BOOL_CONVERSION = YES;
				CLANG_WARN_COMMA = YES;
				CLANG_WARN_CONSTANT_CONVERSION = YES;
				CLANG_WARN_DEPRECATED_OBJC_IMPLEMENTATIONS = YES;
				CLANG_WARN_DIRECT_OBJC_ISA_USAGE = YES_ERROR;
				CLANG_WARN_DOCUMENTATION_COMMENTS = YES;
				CLANG_WARN_EMPTY_BODY = YES;
				CLANG_WARN_ENUM_CONVERSION = YES;
				CLANG_WARN_INFINITE_RECURSION = YES;
				CLANG_WARN_INT_CONVERSION = YES;
				CLANG_WARN_NON_LITERAL_NULL_CONVERSION = YES;
				CLANG_WARN_OBJC_IMPLICIT_RETAIN_SELF = YES;
				CLANG_WARN_OBJC_LITERAL_CONVERSION = YES;
				CLANG_WARN_OBJC_ROOT_CLASS = YES_ERROR;
				CLANG_WARN_RANGE_LOOP_ANALYSIS = YES;
				CLANG_WARN_STRICT_PROTOTYPES = YES;
				CLANG_WARN_SUSPICIOUS_MOVE = YES;
				CLANG_WARN_UNGUARDED_AVAILABILITY = YES_AGGRESSIVE;
				CLANG_WARN_UNREACHABLE_CODE = YES;
				CLANG_WARN__DUPLICATE_METHOD_MATCH = YES;
				CODE_SIGN_IDENTITY = "iPhone Developer";
				COPY_PHASE_STRIP = NO;
				DEBUG_INFORMATION_FORMAT = dwarf;
				ENABLE_STRICT_OBJC_MSGSEND = YES;
				ENABLE_TESTABILITY = YES;
				GCC_C_LANGUAGE_STANDARD = gnu11;
				GCC_DYNAMIC_NO_PIC = NO;
				GCC_NO_COMMON_BLOCKS = YES;
				GCC_OPTIMIZATION_LEVEL = 0;
				GCC_PREPROCESSOR_DEFINITIONS = (
					"DEBUG=1",
					"$(inherited)",
				);
				GCC_WARN_64_TO_32_BIT_CONVERSION = YES;
				GCC_WARN_ABOUT_RETURN_TYPE = YES_ERROR;
				GCC_WARN_UNDECLARED_SELECTOR = YES;
				GCC_WARN_UNINITIALIZED_AUTOS = YES_AGGRESSIVE;
				GCC_WARN_UNUSED_FUNCTION = YES;
				GCC_WARN_UNUSED_VARIABLE = YES;
				IPHONEOS_DEPLOYMENT_TARGET = 12.0;
				MTL_ENABLE_DEBUG_INFO = INCLUDE_SOURCE;
				MTL_FAST_MATH = YES;
				ONLY_ACTIVE_ARCH = YES;
				SDKROOT = iphoneos;
				SWIFT_ACTIVE_COMPILATION_CONDITIONS = DEBUG;
				SWIFT_OPTIMIZATION_LEVEL = "-Onone";
			};
			name = Debug;
		};
		A77A5714215C020B0001CF96 /* Release */ = {
			isa = XCBuildConfiguration;
			buildSettings = {
				ALWAYS_SEARCH_USER_PATHS = NO;
				CLANG_ANALYZER_NONNULL = YES;
				CLANG_ANALYZER_NUMBER_OBJECT_CONVERSION = YES_AGGRESSIVE;
				CLANG_CXX_LANGUAGE_STANDARD = "gnu++14";
				CLANG_CXX_LIBRARY = "libc++";
				CLANG_ENABLE_MODULES = YES;
				CLANG_ENABLE_OBJC_ARC = YES;
				CLANG_ENABLE_OBJC_WEAK = YES;
				CLANG_WARN_BLOCK_CAPTURE_AUTORELEASING = YES;
				CLANG_WARN_BOOL_CONVERSION = YES;
				CLANG_WARN_COMMA = YES;
				CLANG_WARN_CONSTANT_CONVERSION = YES;
				CLANG_WARN_DEPRECATED_OBJC_IMPLEMENTATIONS = YES;
				CLANG_WARN_DIRECT_OBJC_ISA_USAGE = YES_ERROR;
				CLANG_WARN_DOCUMENTATION_COMMENTS = YES;
				CLANG_WARN_EMPTY_BODY = YES;
				CLANG_WARN_ENUM_CONVERSION = YES;
				CLANG_WARN_INFINITE_RECURSION = YES;
				CLANG_WARN_INT_CONVERSION = YES;
				CLANG_WARN_NON_LITERAL_NULL_CONVERSION = YES;
				CLANG_WARN_OBJC_IMPLICIT_RETAIN_SELF = YES;
				CLANG_WARN_OBJC_LITERAL_CONVERSION = YES;
				CLANG_WARN_OBJC_ROOT_CLASS = YES_ERROR;
				CLANG_WARN_RANGE_LOOP_ANALYSIS = YES;
				CLANG_WARN_STRICT_PROTOTYPES = YES;
				CLANG_WARN_SUSPICIOUS_MOVE = YES;
				CLANG_WARN_UNGUARDED_AVAILABILITY = YES_AGGRESSIVE;
				CLANG_WARN_UNREACHABLE_CODE = YES;
				CLANG_WARN__DUPLICATE_METHOD_MATCH = YES;
				CODE_SIGN_IDENTITY = "iPhone Developer";
				COPY_PHASE_STRIP = NO;
				DEBUG_INFORMATION_FORMAT = "dwarf-with-dsym";
				ENABLE_NS_ASSERTIONS = NO;
				ENABLE_STRICT_OBJC_MSGSEND = YES;
				GCC_C_LANGUAGE_STANDARD = gnu11;
				GCC_NO_COMMON_BLOCKS = YES;
				GCC_WARN_64_TO_32_BIT_CONVERSION = YES;
				GCC_WARN_ABOUT_RETURN_TYPE = YES_ERROR;
				GCC_WARN_UNDECLARED_SELECTOR = YES;
				GCC_WARN_UNINITIALIZED_AUTOS = YES_AGGRESSIVE;
				GCC_WARN_UNUSED_FUNCTION = YES;
				GCC_WARN_UNUSED_VARIABLE = YES;
				IPHONEOS_DEPLOYMENT_TARGET = 12.0;
				MTL_ENABLE_DEBUG_INFO = NO;
				MTL_FAST_MATH = YES;
				SDKROOT = iphoneos;
				SWIFT_COMPILATION_MODE = wholemodule;
				SWIFT_OPTIMIZATION_LEVEL = "-O";
				VALIDATE_PRODUCT = YES;
			};
			name = Release;
		};
		A77A5716215C020B0001CF96 /* Debug */ = {
			isa = XCBuildConfiguration;
			buildSettings = {
				ASSETCATALOG_COMPILER_APPICON_NAME = AppIcon;
				CODE_SIGN_STYLE = Automatic;
				DEVELOPMENT_TEAM = G4MM77V7NH;
				INFOPLIST_FILE = SearchApp/Info.plist;
				LD_RUNPATH_SEARCH_PATHS = (
					"$(inherited)",
					"@executable_path/Frameworks",
				);
				PRODUCT_BUNDLE_IDENTIFIER = A3LCamel.SearchApp;
				PRODUCT_NAME = "$(TARGET_NAME)";
				SWIFT_VERSION = 4.2;
				TARGETED_DEVICE_FAMILY = "1,2";
			};
			name = Debug;
		};
		A77A5717215C020B0001CF96 /* Release */ = {
			isa = XCBuildConfiguration;
			buildSettings = {
				ASSETCATALOG_COMPILER_APPICON_NAME = AppIcon;
				CODE_SIGN_STYLE = Automatic;
				DEVELOPMENT_TEAM = G4MM77V7NH;
				INFOPLIST_FILE = SearchApp/Info.plist;
				LD_RUNPATH_SEARCH_PATHS = (
					"$(inherited)",
					"@executable_path/Frameworks",
				);
				PRODUCT_BUNDLE_IDENTIFIER = A3LCamel.SearchApp;
				PRODUCT_NAME = "$(TARGET_NAME)";
				SWIFT_VERSION = 4.2;
				TARGETED_DEVICE_FAMILY = "1,2";
			};
			name = Release;
		};
/* End XCBuildConfiguration section */

/* Begin XCConfigurationList section */
		A77A56FE215C020A0001CF96 /* Build configuration list for PBXProject "SearchApp" */ = {
			isa = XCConfigurationList;
			buildConfigurations = (
				A77A5713215C020B0001CF96 /* Debug */,
				A77A5714215C020B0001CF96 /* Release */,
			);
			defaultConfigurationIsVisible = 0;
			defaultConfigurationName = Release;
		};
		A77A5715215C020B0001CF96 /* Build configuration list for PBXNativeTarget "SearchApp" */ = {
			isa = XCConfigurationList;
			buildConfigurations = (
				A77A5716215C020B0001CF96 /* Debug */,
				A77A5717215C020B0001CF96 /* Release */,
			);
			defaultConfigurationIsVisible = 0;
			defaultConfigurationName = Release;
		};
/* End XCConfigurationList section */
	};
	rootObject = A77A56FB215C020A0001CF96 /* Project object */;
}
